# This file is automatically @generated by Cargo.
# It is not intended for manual editing.
version = 3

[[package]]
name = "once_cell"
version = "1.9.0"
source = "registry+https://github.com/rust-lang/crates.io-index"
checksum = "da32515d9f6e6e489d7bc9d84c71b060db7247dc035bbe44eac88cf87486d8d5"

[[package]]
name = "path-absolutize"
version = "3.0.11"
source = "registry+https://github.com/rust-lang/crates.io-index"
checksum = "b288298a7a3a7b42539e3181ba590d32f2d91237b0691ed5f103875c754b3bf5"
dependencies = [
 "path-dedot",
]

[[package]]
name = "path-dedot"
version = "3.0.14"
source = "registry+https://github.com/rust-lang/crates.io-index"
checksum = "4bfa72956f6be8524f7f7e2b07972dda393cb0008a6df4451f658b7e1bd1af80"
dependencies = [
 "once_cell",
]

[[package]]
name = "rwm_locals"
version = "0.1.0"
dependencies = [
 "path-absolutize",
 "rwm_xml",
]

[[package]]
name = "rwm_xml"
version = "0.1.0"
dependencies = [
 "xml-rs",
]

[[package]]
name = "xml-rs"
version = "0.8.4"
source = "registry+https://github.com/rust-lang/crates.io-index"
checksum = "d2d7d3948613f75c98fd9328cfdcc45acc4d360655289d0a7d4ec931392200a3"
